// !$*UTF8*$!
{
	archiveVersion = 1;
	classes = {
	};
	objectVersion = 46;
	objects = {

/* Begin PBXBuildFile section */
		BB2F713D1FAFFAD7003A8BA4 /* FixedHeaderFooterView.swift in Sources */ = {isa = PBXBuildFile; fileRef = BB2F713C1FAFFAD7003A8BA4 /* FixedHeaderFooterView.swift */; };
		BB9FAEE51F5D00BB00865594 /* AppDelegate.swift in Sources */ = {isa = PBXBuildFile; fileRef = BB9FAEE41F5D00BB00865594 /* AppDelegate.swift */; };
		BB9FAEE71F5D00BB00865594 /* ViewController.swift in Sources */ = {isa = PBXBuildFile; fileRef = BB9FAEE61F5D00BB00865594 /* ViewController.swift */; };
		BB9FAEEA1F5D00BB00865594 /* Main.storyboard in Resources */ = {isa = PBXBuildFile; fileRef = BB9FAEE81F5D00BB00865594 /* Main.storyboard */; };
		BB9FAEEC1F5D00BB00865594 /* Assets.xcassets in Resources */ = {isa = PBXBuildFile; fileRef = BB9FAEEB1F5D00BB00865594 /* Assets.xcassets */; };
		BB9FAEEF1F5D00BB00865594 /* LaunchScreen.storyboard in Resources */ = {isa = PBXBuildFile; fileRef = BB9FAEED1F5D00BB00865594 /* LaunchScreen.storyboard */; };
/* End PBXBuildFile section */

/* Begin PBXFileReference section */
		BB2F713C1FAFFAD7003A8BA4 /* FixedHeaderFooterView.swift */ = {isa = PBXFileReference; fileEncoding = 4; lastKnownFileType = sourcecode.swift; path = FixedHeaderFooterView.swift; sourceTree = "<group>"; };
		BB9FAEE11F5D00BB00865594 /* TableViewDemo.app */ = {isa = PBXFileReference; explicitFileType = wrapper.application; includeInIndex = 0; path = TableViewDemo.app; sourceTree = BUILT_PRODUCTS_DIR; };
		BB9FAEE41F5D00BB00865594 /* AppDelegate.swift */ = {isa = PBXFileReference; lastKnownFileType = sourcecode.swift; path = AppDelegate.swift; sourceTree = "<group>"; };
		BB9FAEE61F5D00BB00865594 /* ViewController.swift */ = {isa = PBXFileReference; lastKnownFileType = sourcecode.swift; path = ViewController.swift; sourceTree = "<group>"; };
		BB9FAEE91F5D00BB00865594 /* Base */ = {isa = PBXFileReference; lastKnownFileType = file.storyboard; name = Base; path = Base.lproj/Main.storyboard; sourceTree = "<group>"; };
		BB9FAEEB1F5D00BB00865594 /* Assets.xcassets */ = {isa = PBXFileReference; lastKnownFileType = folder.assetcatalog; path = Assets.xcassets; sourceTree = "<group>"; };
		BB9FAEEE1F5D00BB00865594 /* Base */ = {isa = PBXFileReference; lastKnownFileType = file.storyboard; name = Base; path = Base.lproj/LaunchScreen.storyboard; sourceTree = "<group>"; };
		BB9FAEF01F5D00BB00865594 /* Info.plist */ = {isa = PBXFileReference; lastKnownFileType = text.plist.xml; path = Info.plist; sourceTree = "<group>"; };
/* End PBXFileReference section */

/* Begin PBXFrameworksBuildPhase section */
		BB9FAEDE1F5D00BB00865594 /* Frameworks */ = {
			isa = PBXFrameworksBuildPhase;
			buildActionMask = 2147483647;
			files = (
			);
			runOnlyForDeploymentPostprocessing = 0;
		};
/* End PBXFrameworksBuildPhase section */

/* Begin PBXGroup section */
		BB9FAED81F5D00BB00865594 = {
			isa = PBXGroup;
			children = (
				BB9FAEE31F5D00BB00865594 /* TableViewDemo */,
				BB9FAEE21F5D00BB00865594 /* Products */,
			);
			sourceTree = "<group>";
		};
		BB9FAEE21F5D00BB00865594 /* Products */ = {
			isa = PBXGroup;
			children = (
				BB9FAEE11F5D00BB00865594 /* TableViewDemo.app */,
			);
			name = Products;
			sourceTree = "<group>";
		};
		BB9FAEE31F5D00BB00865594 /* TableViewDemo */ = {
			isa = PBXGroup;
			children = (
				BB9FAEE41F5D00BB00865594 /* AppDelegate.swift */,
				BB9FAEE61F5D00BB00865594 /* ViewController.swift */,
				BB9FAEE81F5D00BB00865594 /* Main.storyboard */,
				BB9FAEEB1F5D00BB00865594 /* Assets.xcassets */,
				BB9FAEED1F5D00BB00865594 /* LaunchScreen.storyboard */,
				BB9FAEF01F5D00BB00865594 /* Info.plist */,
				BB2F713C1FAFFAD7003A8BA4 /* FixedHeaderFooterView.swift */,
			);
			path = TableViewDemo;
			sourceTree = "<group>";
		};
/* End PBXGroup section */

/* Begin PBXNativeTarget section */
		BB9FAEE01F5D00BB00865594 /* TableViewDemo */ = {
			isa = PBXNativeTarget;
			buildConfigurationList = BB9FAEF31F5D00BB00865594 /* Build configuration list for PBXNativeTarget "TableViewDemo" */;
			buildPhases = (
				BB9FAEDD1F5D00BB00865594 /* Sources */,
				BB9FAEDE1F5D00BB00865594 /* Frameworks */,
				BB9FAEDF1F5D00BB00865594 /* Resources */,
			);
			buildRules = (
			);
			dependencies = (
			);
			name = TableViewDemo;
			productName = TableViewDemo;
			productReference = BB9FAEE11F5D00BB00865594 /* TableViewDemo.app */;
			productType = "com.apple.product-type.application";
		};
/* End PBXNativeTarget section */

/* Begin PBXProject section */
		BB9FAED91F5D00BB00865594 /* Project object */ = {
			isa = PBXProject;
			attributes = {
				LastSwiftUpdateCheck = 0830;
				LastUpgradeCheck = 0830;
				ORGANIZATIONNAME = josscii;
				TargetAttributes = {
					BB9FAEE01F5D00BB00865594 = {
						CreatedOnToolsVersion = 8.3.3;
						DevelopmentTeam = 6Q3X7AW5CU;
						ProvisioningStyle = Automatic;
					};
				};
			};
			buildConfigurationList = BB9FAEDC1F5D00BB00865594 /* Build configuration list for PBXProject "TableViewDemo" */;
			compatibilityVersion = "Xcode 3.2";
			developmentRegion = English;
			hasScannedForEncodings = 0;
			knownRegions = (
				en,
				Base,
			);
			mainGroup = BB9FAED81F5D00BB00865594;
			productRefGroup = BB9FAEE21F5D00BB00865594 /* Products */;
			projectDirPath = "";
			projectRoot = "";
			targets = (
				BB9FAEE01F5D00BB00865594 /* TableViewDemo */,
			);
		};
/* End PBXProject section */

/* Begin PBXResourcesBuildPhase section */
		BB9FAEDF1F5D00BB00865594 /* Resources */ = {
			isa = PBXResourcesBuildPhase;
			buildActionMask = 2147483647;
			files = (
				BB9FAEEF1F5D00BB00865594 /* LaunchScreen.storyboard in Resources */,
				BB9FAEEC1F5D00BB00865594 /* Assets.xcassets in Resources */,
				BB9FAEEA1F5D00BB00865594 /* Main.storyboard in Resources */,
			);
			runOnlyForDeploymentPostprocessing = 0;
		};
/* End PBXResourcesBuildPhase section */

/* Begin PBXSourcesBuildPhase section */
		BB9FAEDD1F5D00BB00865594 /* Sources */ = {
			isa = PBXSourcesBuildPhase;
			buildActionMask = 2147483647;
			files = (
				BB9FAEE71F5D00BB00865594 /* ViewController.swift in Sources */,
				BB2F713D1FAFFAD7003A8BA4 /* FixedHeaderFooterView.swift in Sources */,
				BB9FAEE51F5D00BB00865594 /* AppDelegate.swift in Sources */,
			);
			runOnlyForDeploymentPostprocessing = 0;
		};
/* End PBXSourcesBuildPhase section */

/* Begin PBXVariantGroup section */
		BB9FAEE81F5D00BB00865594 /* Main.storyboard */ = {
			isa = PBXVariantGroup;
			children = (
				BB9FAEE91F5D00BB00865594 /* Base */,
			);
			name = Main.storyboard;
			sourceTree = "<group>";
		};
		BB9FAEED1F5D00BB00865594 /* LaunchScreen.storyboard */ = {
			isa = PBXVariantGroup;
			children = (
				BB9FAEEE1F5D00BB00865594 /* Base */,
			);
			name = LaunchScreen.storyboard;
			sourceTree = "<group>";
		};
/* End PBXVariantGroup section */

/* Begin XCBuildConfiguration section */
		BB9FAEF11F5D00BB00865594 /* Debug */ = {
			isa = XCBuildConfiguration;
			buildSettings = {
				ALWAYS_SEARCH_USER_PATHS = NO;
				CLANG_ANALYZER_NONNULL = YES;
				CLANG_ANALYZER_NUMBER_OBJECT_CONVERSION = YES_AGGRESSIVE;
				CLANG_CXX_LANGUAGE_STANDARD = "gnu++0x";
				CLANG_CXX_LIBRARY = "libc++";
				CLANG_ENABLE_MODULES = YES;
				CLANG_ENABLE_OBJC_ARC = YES;
				CLANG_WARN_BOOL_CONVERSION = YES;
				CLANG_WARN_CONSTANT_CONVERSION = YES;
				CLANG_WARN_DIRECT_OBJC_ISA_USAGE = YES_ERROR;
				CLANG_WARN_DOCUMENTATION_COMMENTS = YES;
				CLANG_WARN_EMPTY_BODY = YES;
				CLANG_WARN_ENUM_CONVERSION = YES;
				CLANG_WARN_INFINITE_RECURSION = YES;
				CLANG_WARN_INT_CONVERSION = YES;
				CLANG_WARN_OBJC_ROOT_CLASS = YES_ERROR;
				CLANG_WARN_SUSPICIOUS_MOVE = YES;
				CLANG_WARN_UNREACHABLE_CODE = YES;
				CLANG_WARN__DUPLICATE_METHOD_MATCH = YES;
				"CODE_SIGN_IDENTITY[sdk=iphoneos*]" = "iPhone Developer";
				COPY_PHASE_STRIP = NO;
				DEBUG_INFORMATION_FORMAT = dwarf;
				ENABLE_STRICT_OBJC_MSGSEND = YES;
				ENABLE_TESTABILITY = YES;
				GCC_C_LANGUAGE_STANDARD = gnu99;
				GCC_DYNAMIC_NO_PIC = NO;
				GCC_NO_COMMON_BLOCKS = YES;
				GCC_OPTIMIZATION_LEVEL = 0;
				GCC_PREPROCESSOR_DEFINITIONS = (
					"DEBUG=1",
					"$(inherited)",
				);
				GCC_WARN_64_TO_32_BIT_CONVERSION = YES;
				GCC_WARN_ABOUT_RETURN_TYPE = YES_ERROR;
				GCC_WARN_UNDECLARED_SELECTOR = YES;
				GCC_WARN_UNINITIALIZED_AUTOS = YES_AGGRESSIVE;
				GCC_WARN_UNUSED_FUNCTION = YES;
				GCC_WARN_UNUSED_VARIABLE = YES;
				IPHONEOS_DEPLOYMENT_TARGET = 10.3;
				MTL_ENABLE_DEBUG_INFO = YES;
				ONLY_ACTIVE_ARCH = YES;
				SDKROOT = iphoneos;
				SWIFT_ACTIVE_COMPILATION_CONDITIONS = DEBUG;
				SWIFT_OPTIMIZATION_LEVEL = "-Onone";
				TARGETED_DEVICE_FAMILY = "1,2";
			};
			name = Debug;
		};
		BB9FAEF21F5D00BB00865594 /* Release */ = {
			isa = XCBuildConfiguration;
			buildSettings = {
				ALWAYS_SEARCH_USER_PATHS = NO;
				CLANG_ANALYZER_NONNULL = YES;
				CLANG_ANALYZER_NUMBER_OBJECT_CONVERSION = YES_AGGRESSIVE;
				CLANG_CXX_LANGUAGE_STANDARD = "gnu++0x";
				CLANG_CXX_LIBRARY = "libc++";
				CLANG_ENABLE_MODULES = YES;
				CLANG_ENABLE_OBJC_ARC = YES;
				CLANG_WARN_BOOL_CONVERSION = YES;
				CLANG_WARN_CONSTANT_CONVERSION = YES;
				CLANG_WARN_DIRECT_OBJC_ISA_USAGE = YES_ERROR;
				CLANG_WARN_DOCUMENTATION_COMMENTS = YES;
				CLANG_WARN_EMPTY_BODY = YES;
				CLANG_WARN_ENUM_CONVERSION = YES;
				CLANG_WARN_INFINITE_RECURSION = YES;
				CLANG_WARN_INT_CONVERSION = YES;
				CLANG_WARN_OBJC_ROOT_CLASS = YES_ERROR;
				CLANG_WARN_SUSPICIOUS_MOVE = YES;
				CLANG_WARN_UNREACHABLE_CODE = YES;
				CLANG_WARN__DUPLICATE_METHOD_MATCH = YES;
				"CODE_SIGN_IDENTITY[sdk=iphoneos*]" = "iPhone Developer";
				COPY_PHASE_STRIP = NO;
				DEBUG_INFORMATION_FORMAT = "dwarf-with-dsym";
				ENABLE_NS_ASSERTIONS = NO;
				ENABLE_STRICT_OBJC_MSGSEND = YES;
				GCC_C_LANGUAGE_STANDARD = gnu99;
				GCC_NO_COMMON_BLOCKS = YES;
				GCC_WARN_64_TO_32_BIT_CONVERSION = YES;
				GCC_WARN_ABOUT_RETURN_TYPE = YES_ERROR;
				GCC_WARN_UNDECLARED_SELECTOR = YES;
				GCC_WARN_UNINITIALIZED_AUTOS = YES_AGGRESSIVE;
				GCC_WARN_UNUSED_FUNCTION = YES;
				GCC_WARN_UNUSED_VARIABLE = YES;
				IPHONEOS_DEPLOYMENT_TARGET = 10.3;
				MTL_ENABLE_DEBUG_INFO = NO;
				SDKROOT = iphoneos;
				SWIFT_OPTIMIZATION_LEVEL = "-Owholemodule";
				TARGETED_DEVICE_FAMILY = "1,2";
				VALIDATE_PRODUCT = YES;
			};
			name = Release;
		};
		BB9FAEF41F5D00BB00865594 /* Debug */ = {
			isa = XCBuildConfiguration;
			buildSettings = {
				ASSETCATALOG_COMPILER_APPICON_NAME = AppIcon;
				DEVELOPMENT_TEAM = 6Q3X7AW5CU;
				INFOPLIST_FILE = TableViewDemo/Info.plist;
				LD_RUNPATH_SEARCH_PATHS = "$(inherited) @executable_path/Frameworks";
				PRODUCT_BUNDLE_IDENTIFIER = com.josscii.TableViewDemo;
				PRODUCT_NAME = "$(TARGET_NAME)";
				SWIFT_VERSION = 3.0;
			};
			name = Debug;
		};
		BB9FAEF51F5D00BB00865594 /* Release */ = {
			isa = XCBuildConfiguration;
			buildSettings = {
				ASSETCATALOG_COMPILER_APPICON_NAME = AppIcon;
				DEVELOPMENT_TEAM = 6Q3X7AW5CU;
				INFOPLIST_FILE = TableViewDemo/Info.plist;
				LD_RUNPATH_SEARCH_PATHS = "$(inherited) @executable_path/Frameworks";
				PRODUCT_BUNDLE_IDENTIFIER = com.josscii.TableViewDemo;
				PRODUCT_NAME = "$(TARGET_NAME)";
				SWIFT_VERSION = 3.0;
			};
			name = Release;
		};
/* End XCBuildConfiguration section */

/* Begin XCConfigurationList section */
		BB9FAEDC1F5D00BB00865594 /* Build configuration list for PBXProject "TableViewDemo" */ = {
			isa = XCConfigurationList;
			buildConfigurations = (
				BB9FAEF11F5D00BB00865594 /* Debug */,
				BB9FAEF21F5D00BB00865594 /* Release */,
			);
			defaultConfigurationIsVisible = 0;
			defaultConfigurationName = Release;
		};
		BB9FAEF31F5D00BB00865594 /* Build configuration list for PBXNativeTarget "TableViewDemo" */ = {
			isa = XCConfigurationList;
			buildConfigurations = (
				BB9FAEF41F5D00BB00865594 /* Debug */,
				BB9FAEF51F5D00BB00865594 /* Release */,
			);
			defaultConfigurationIsVisible = 0;
			defaultConfigurationName = Release;
		};
/* End XCConfigurationList section */
	};
	rootObject = BB9FAED91F5D00BB00865594 /* Project object */;
}
