// !$*UTF8*$!
{
	archiveVersion = 1;
	classes = {
	};
	objectVersion = 48;
	objects = {

/* Begin PBXBuildFile section */
		BBA213A92071FC6F00671931 /* AppDelegate.swift in Sources */ = {isa = PBXBuildFile; fileRef = BBA213A82071FC6F00671931 /* AppDelegate.swift */; };
		BBA213AB2071FC6F00671931 /* ViewController.swift in Sources */ = {isa = PBXBuildFile; fileRef = BBA213AA2071FC6F00671931 /* ViewController.swift */; };
		BBA213AE2071FC6F00671931 /* Main.storyboard in Resources */ = {isa = PBXBuildFile; fileRef = BBA213AC2071FC6F00671931 /* Main.storyboard */; };
		BBA213B02071FC6F00671931 /* Assets.xcassets in Resources */ = {isa = PBXBuildFile; fileRef = BBA213AF2071FC6F00671931 /* Assets.xcassets */; };
		BBA213B32071FC6F00671931 /* LaunchScreen.storyboard in Resources */ = {isa = PBXBuildFile; fileRef = BBA213B12071FC6F00671931 /* LaunchScreen.storyboard */; };
		BBA213BB2072024800671931 /* ViewController2.swift in Sources */ = {isa = PBXBuildFile; fileRef = BBA213BA2072024800671931 /* ViewController2.swift */; };
/* End PBXBuildFile section */

/* Begin PBXFileReference section */
		BBA213A52071FC6F00671931 /* iPhoneXAdaptationDemo.app */ = {isa = PBXFileReference; explicitFileType = wrapper.application; includeInIndex = 0; path = iPhoneXAdaptationDemo.app; sourceTree = BUILT_PRODUCTS_DIR; };
		BBA213A82071FC6F00671931 /* AppDelegate.swift */ = {isa = PBXFileReference; lastKnownFileType = sourcecode.swift; path = AppDelegate.swift; sourceTree = "<group>"; };
		BBA213AA2071FC6F00671931 /* ViewController.swift */ = {isa = PBXFileReference; lastKnownFileType = sourcecode.swift; path = ViewController.swift; sourceTree = "<group>"; };
		BBA213AD2071FC6F00671931 /* Base */ = {isa = PBXFileReference; lastKnownFileType = file.storyboard; name = Base; path = Base.lproj/Main.storyboard; sourceTree = "<group>"; };
		BBA213AF2071FC6F00671931 /* Assets.xcassets */ = {isa = PBXFileReference; lastKnownFileType = folder.assetcatalog; path = Assets.xcassets; sourceTree = "<group>"; };
		BBA213B22071FC6F00671931 /* Base */ = {isa = PBXFileReference; lastKnownFileType = file.storyboard; name = Base; path = Base.lproj/LaunchScreen.storyboard; sourceTree = "<group>"; };
		BBA213B42071FC6F00671931 /* Info.plist */ = {isa = PBXFileReference; lastKnownFileType = text.plist.xml; path = Info.plist; sourceTree = "<group>"; };
		BBA213BA2072024800671931 /* ViewController2.swift */ = {isa = PBXFileReference; lastKnownFileType = sourcecode.swift; path = ViewController2.swift; sourceTree = "<group>"; };
/* End PBXFileReference section */

/* Begin PBXFrameworksBuildPhase section */
		BBA213A22071FC6F00671931 /* Frameworks */ = {
			isa = PBXFrameworksBuildPhase;
			buildActionMask = 2147483647;
			files = (
			);
			runOnlyForDeploymentPostprocessing = 0;
		};
/* End PBXFrameworksBuildPhase section */

/* Begin PBXGroup section */
		BBA2139C2071FC6F00671931 = {
			isa = PBXGroup;
			children = (
				BBA213A72071FC6F00671931 /* iPhoneXAdaptationDemo */,
				BBA213A62071FC6F00671931 /* Products */,
			);
			sourceTree = "<group>";
		};
		BBA213A62071FC6F00671931 /* Products */ = {
			isa = PBXGroup;
			children = (
				BBA213A52071FC6F00671931 /* iPhoneXAdaptationDemo.app */,
			);
			name = Products;
			sourceTree = "<group>";
		};
		BBA213A72071FC6F00671931 /* iPhoneXAdaptationDemo */ = {
			isa = PBXGroup;
			children = (
				BBA213A82071FC6F00671931 /* AppDelegate.swift */,
				BBA213AA2071FC6F00671931 /* ViewController.swift */,
				BBA213AC2071FC6F00671931 /* Main.storyboard */,
				BBA213AF2071FC6F00671931 /* Assets.xcassets */,
				BBA213B12071FC6F00671931 /* LaunchScreen.storyboard */,
				BBA213B42071FC6F00671931 /* Info.plist */,
				BBA213BA2072024800671931 /* ViewController2.swift */,
			);
			path = iPhoneXAdaptationDemo;
			sourceTree = "<group>";
		};
/* End PBXGroup section */

/* Begin PBXNativeTarget section */
		BBA213A42071FC6F00671931 /* iPhoneXAdaptationDemo */ = {
			isa = PBXNativeTarget;
			buildConfigurationList = BBA213B72071FC6F00671931 /* Build configuration list for PBXNativeTarget "iPhoneXAdaptationDemo" */;
			buildPhases = (
				BBA213A12071FC6F00671931 /* Sources */,
				BBA213A22071FC6F00671931 /* Frameworks */,
				BBA213A32071FC6F00671931 /* Resources */,
			);
			buildRules = (
			);
			dependencies = (
			);
			name = iPhoneXAdaptationDemo;
			productName = iPhoneXAdaptationDemo;
			productReference = BBA213A52071FC6F00671931 /* iPhoneXAdaptationDemo.app */;
			productType = "com.apple.product-type.application";
		};
/* End PBXNativeTarget section */

/* Begin PBXProject section */
		BBA2139D2071FC6F00671931 /* Project object */ = {
			isa = PBXProject;
			attributes = {
				LastSwiftUpdateCheck = 0900;
				LastUpgradeCheck = 0900;
				ORGANIZATIONNAME = josscii;
				TargetAttributes = {
					BBA213A42071FC6F00671931 = {
						CreatedOnToolsVersion = 9.0;
						ProvisioningStyle = Automatic;
					};
				};
			};
			buildConfigurationList = BBA213A02071FC6F00671931 /* Build configuration list for PBXProject "iPhoneXAdaptationDemo" */;
			compatibilityVersion = "Xcode 8.0";
			developmentRegion = en;
			hasScannedForEncodings = 0;
			knownRegions = (
				en,
				Base,
			);
			mainGroup = BBA2139C2071FC6F00671931;
			productRefGroup = BBA213A62071FC6F00671931 /* Products */;
			projectDirPath = "";
			projectRoot = "";
			targets = (
				BBA213A42071FC6F00671931 /* iPhoneXAdaptationDemo */,
			);
		};
/* End PBXProject section */

/* Begin PBXResourcesBuildPhase section */
		BBA213A32071FC6F00671931 /* Resources */ = {
			isa = PBXResourcesBuildPhase;
			buildActionMask = 2147483647;
			files = (
				BBA213B32071FC6F00671931 /* LaunchScreen.storyboard in Resources */,
				BBA213B02071FC6F00671931 /* Assets.xcassets in Resources */,
				BBA213AE2071FC6F00671931 /* Main.storyboard in Resources */,
			);
			runOnlyForDeploymentPostprocessing = 0;
		};
/* End PBXResourcesBuildPhase section */

/* Begin PBXSourcesBuildPhase section */
		BBA213A12071FC6F00671931 /* Sources */ = {
			isa = PBXSourcesBuildPhase;
			buildActionMask = 2147483647;
			files = (
				BBA213AB2071FC6F00671931 /* ViewController.swift in Sources */,
				BBA213A92071FC6F00671931 /* AppDelegate.swift in Sources */,
				BBA213BB2072024800671931 /* ViewController2.swift in Sources */,
			);
			runOnlyForDeploymentPostprocessing = 0;
		};
/* End PBXSourcesBuildPhase section */

/* Begin PBXVariantGroup section */
		BBA213AC2071FC6F00671931 /* Main.storyboard */ = {
			isa = PBXVariantGroup;
			children = (
				BBA213AD2071FC6F00671931 /* Base */,
			);
			name = Main.storyboard;
			sourceTree = "<group>";
		};
		BBA213B12071FC6F00671931 /* LaunchScreen.storyboard */ = {
			isa = PBXVariantGroup;
			children = (
				BBA213B22071FC6F00671931 /* Base */,
			);
			name = LaunchScreen.storyboard;
			sourceTree = "<group>";
		};
/* End PBXVariantGroup section */

/* Begin XCBuildConfiguration section */
		BBA213B52071FC6F00671931 /* Debug */ = {
			isa = XCBuildConfiguration;
			buildSettings = {
				ALWAYS_SEARCH_USER_PATHS = NO;
				CLANG_ANALYZER_NONNULL = YES;
				CLANG_ANALYZER_NUMBER_OBJECT_CONVERSION = YES_AGGRESSIVE;
				CLANG_CXX_LANGUAGE_STANDARD = "gnu++14";
				CLANG_CXX_LIBRARY = "libc++";
				CLANG_ENABLE_MODULES = YES;
				CLANG_ENABLE_OBJC_ARC = YES;
				CLANG_WARN_BLOCK_CAPTURE_AUTORELEASING = YES;
				CLANG_WARN_BOOL_CONVERSION = YES;
				CLANG_WARN_COMMA = YES;
				CLANG_WARN_CONSTANT_CONVERSION = YES;
				CLANG_WARN_DIRECT_OBJC_ISA_USAGE = YES_ERROR;
				CLANG_WARN_DOCUMENTATION_COMMENTS = YES;
				CLANG_WARN_EMPTY_BODY = YES;
				CLANG_WARN_ENUM_CONVERSION = YES;
				CLANG_WARN_INFINITE_RECURSION = YES;
				CLANG_WARN_INT_CONVERSION = YES;
				CLANG_WARN_NON_LITERAL_NULL_CONVERSION = YES;
				CLANG_WARN_OBJC_LITERAL_CONVERSION = YES;
				CLANG_WARN_OBJC_ROOT_CLASS = YES_ERROR;
				CLANG_WARN_RANGE_LOOP_ANALYSIS = YES;
				CLANG_WARN_STRICT_PROTOTYPES = YES;
				CLANG_WARN_SUSPICIOUS_MOVE = YES;
				CLANG_WARN_UNGUARDED_AVAILABILITY = YES_AGGRESSIVE;
				CLANG_WARN_UNREACHABLE_CODE = YES;
				CLANG_WARN__DUPLICATE_METHOD_MATCH = YES;
				CODE_SIGN_IDENTITY = "iPhone Developer";
				COPY_PHASE_STRIP = NO;
				DEBUG_INFORMATION_FORMAT = dwarf;
				ENABLE_STRICT_OBJC_MSGSEND = YES;
				ENABLE_TESTABILITY = YES;
				GCC_C_LANGUAGE_STANDARD = gnu11;
				GCC_DYNAMIC_NO_PIC = NO;
				GCC_NO_COMMON_BLOCKS = YES;
				GCC_OPTIMIZATION_LEVEL = 0;
				GCC_PREPROCESSOR_DEFINITIONS = (
					"DEBUG=1",
					"$(inherited)",
				);
				GCC_WARN_64_TO_32_BIT_CONVERSION = YES;
				GCC_WARN_ABOUT_RETURN_TYPE = YES_ERROR;
				GCC_WARN_UNDECLARED_SELECTOR = YES;
				GCC_WARN_UNINITIALIZED_AUTOS = YES_AGGRESSIVE;
				GCC_WARN_UNUSED_FUNCTION = YES;
				GCC_WARN_UNUSED_VARIABLE = YES;
				IPHONEOS_DEPLOYMENT_TARGET = 11.0;
				MTL_ENABLE_DEBUG_INFO = YES;
				ONLY_ACTIVE_ARCH = YES;
				SDKROOT = iphoneos;
				SWIFT_ACTIVE_COMPILATION_CONDITIONS = DEBUG;
				SWIFT_OPTIMIZATION_LEVEL = "-Onone";
			};
			name = Debug;
		};
		BBA213B62071FC6F00671931 /* Release */ = {
			isa = XCBuildConfiguration;
			buildSettings = {
				ALWAYS_SEARCH_USER_PATHS = NO;
				CLANG_ANALYZER_NONNULL = YES;
				CLANG_ANALYZER_NUMBER_OBJECT_CONVERSION = YES_AGGRESSIVE;
				CLANG_CXX_LANGUAGE_STANDARD = "gnu++14";
				CLANG_CXX_LIBRARY = "libc++";
				CLANG_ENABLE_MODULES = YES;
				CLANG_ENABLE_OBJC_ARC = YES;
				CLANG_WARN_BLOCK_CAPTURE_AUTORELEASING = YES;
				CLANG_WARN_BOOL_CONVERSION = YES;
				CLANG_WARN_COMMA = YES;
				CLANG_WARN_CONSTANT_CONVERSION = YES;
				CLANG_WARN_DIRECT_OBJC_ISA_USAGE = YES_ERROR;
				CLANG_WARN_DOCUMENTATION_COMMENTS = YES;
				CLANG_WARN_EMPTY_BODY = YES;
				CLANG_WARN_ENUM_CONVERSION = YES;
				CLANG_WARN_INFINITE_RECURSION = YES;
				CLANG_WARN_INT_CONVERSION = YES;
				CLANG_WARN_NON_LITERAL_NULL_CONVERSION = YES;
				CLANG_WARN_OBJC_LITERAL_CONVERSION = YES;
				CLANG_WARN_OBJC_ROOT_CLASS = YES_ERROR;
				CLANG_WARN_RANGE_LOOP_ANALYSIS = YES;
				CLANG_WARN_STRICT_PROTOTYPES = YES;
				CLANG_WARN_SUSPICIOUS_MOVE = YES;
				CLANG_WARN_UNGUARDED_AVAILABILITY = YES_AGGRESSIVE;
				CLANG_WARN_UNREACHABLE_CODE = YES;
				CLANG_WARN__DUPLICATE_METHOD_MATCH = YES;
				CODE_SIGN_IDENTITY = "iPhone Developer";
				COPY_PHASE_STRIP = NO;
				DEBUG_INFORMATION_FORMAT = "dwarf-with-dsym";
				ENABLE_NS_ASSERTIONS = NO;
				ENABLE_STRICT_OBJC_MSGSEND = YES;
				GCC_C_LANGUAGE_STANDARD = gnu11;
				GCC_NO_COMMON_BLOCKS = YES;
				GCC_WARN_64_TO_32_BIT_CONVERSION = YES;
				GCC_WARN_ABOUT_RETURN_TYPE = YES_ERROR;
				GCC_WARN_UNDECLARED_SELECTOR = YES;
				GCC_WARN_UNINITIALIZED_AUTOS = YES_AGGRESSIVE;
				GCC_WARN_UNUSED_FUNCTION = YES;
				GCC_WARN_UNUSED_VARIABLE = YES;
				IPHONEOS_DEPLOYMENT_TARGET = 11.0;
				MTL_ENABLE_DEBUG_INFO = NO;
				SDKROOT = iphoneos;
				SWIFT_OPTIMIZATION_LEVEL = "-Owholemodule";
				VALIDATE_PRODUCT = YES;
			};
			name = Release;
		};
		BBA213B82071FC6F00671931 /* Debug */ = {
			isa = XCBuildConfiguration;
			buildSettings = {
				ASSETCATALOG_COMPILER_APPICON_NAME = AppIcon;
				CODE_SIGN_STYLE = Automatic;
				DEVELOPMENT_TEAM = 6Q3X7AW5CU;
				INFOPLIST_FILE = iPhoneXAdaptationDemo/Info.plist;
				IPHONEOS_DEPLOYMENT_TARGET = 8.0;
				LD_RUNPATH_SEARCH_PATHS = "$(inherited) @executable_path/Frameworks";
				PRODUCT_BUNDLE_IDENTIFIER = com.josscii.iPhoneXAdaptationDemo;
				PRODUCT_NAME = "$(TARGET_NAME)";
				SWIFT_VERSION = 4.0;
				TARGETED_DEVICE_FAMILY = "1,2";
			};
			name = Debug;
		};
		BBA213B92071FC6F00671931 /* Release */ = {
			isa = XCBuildConfiguration;
			buildSettings = {
				ASSETCATALOG_COMPILER_APPICON_NAME = AppIcon;
				CODE_SIGN_STYLE = Automatic;
				DEVELOPMENT_TEAM = 6Q3X7AW5CU;
				INFOPLIST_FILE = iPhoneXAdaptationDemo/Info.plist;
				IPHONEOS_DEPLOYMENT_TARGET = 8.0;
				LD_RUNPATH_SEARCH_PATHS = "$(inherited) @executable_path/Frameworks";
				PRODUCT_BUNDLE_IDENTIFIER = com.josscii.iPhoneXAdaptationDemo;
				PRODUCT_NAME = "$(TARGET_NAME)";
				SWIFT_VERSION = 4.0;
				TARGETED_DEVICE_FAMILY = "1,2";
			};
			name = Release;
		};
/* End XCBuildConfiguration section */

/* Begin XCConfigurationList section */
		BBA213A02071FC6F00671931 /* Build configuration list for PBXProject "iPhoneXAdaptationDemo" */ = {
			isa = XCConfigurationList;
			buildConfigurations = (
				BBA213B52071FC6F00671931 /* Debug */,
				BBA213B62071FC6F00671931 /* Release */,
			);
			defaultConfigurationIsVisible = 0;
			defaultConfigurationName = Release;
		};
		BBA213B72071FC6F00671931 /* Build configuration list for PBXNativeTarget "iPhoneXAdaptationDemo" */ = {
			isa = XCConfigurationList;
			buildConfigurations = (
				BBA213B82071FC6F00671931 /* Debug */,
				BBA213B92071FC6F00671931 /* Release */,
			);
			defaultConfigurationIsVisible = 0;
			defaultConfigurationName = Release;
		};
/* End XCConfigurationList section */
	};
	rootObject = BBA2139D2071FC6F00671931 /* Project object */;
}
