// !$*UTF8*$!
{
	archiveVersion = 1;
	classes = {
	};
	objectVersion = 46;
	objects = {

/* Begin PBXBuildFile section */
		C25C7CC71F2B1B8D0027395F /* AppDelegate.swift in Sources */ = {isa = PBXBuildFile; fileRef = C25C7CC61F2B1B8D0027395F /* AppDelegate.swift */; };
		C25C7CCC1F2B1B8D0027395F /* Main.storyboard in Resources */ = {isa = PBXBuildFile; fileRef = C25C7CCA1F2B1B8D0027395F /* Main.storyboard */; };
		C25C7CCE1F2B1B8D0027395F /* Assets.xcassets in Resources */ = {isa = PBXBuildFile; fileRef = C25C7CCD1F2B1B8D0027395F /* Assets.xcassets */; };
		C25C7CD11F2B1B8D0027395F /* LaunchScreen.storyboard in Resources */ = {isa = PBXBuildFile; fileRef = C25C7CCF1F2B1B8D0027395F /* LaunchScreen.storyboard */; };
		C25C7CD91F2B1B960027395F /* ViewController2.swift in Sources */ = {isa = PBXBuildFile; fileRef = C25C7CD81F2B1B960027395F /* ViewController2.swift */; };
/* End PBXBuildFile section */

/* Begin PBXFileReference section */
		C25C7CC31F2B1B8D0027395F /* ScrollViewDemo.app */ = {isa = PBXFileReference; explicitFileType = wrapper.application; includeInIndex = 0; path = ScrollViewDemo.app; sourceTree = BUILT_PRODUCTS_DIR; };
		C25C7CC61F2B1B8D0027395F /* AppDelegate.swift */ = {isa = PBXFileReference; lastKnownFileType = sourcecode.swift; path = AppDelegate.swift; sourceTree = "<group>"; };
		C25C7CCB1F2B1B8D0027395F /* Base */ = {isa = PBXFileReference; lastKnownFileType = file.storyboard; name = Base; path = Base.lproj/Main.storyboard; sourceTree = "<group>"; };
		C25C7CCD1F2B1B8D0027395F /* Assets.xcassets */ = {isa = PBXFileReference; lastKnownFileType = folder.assetcatalog; path = Assets.xcassets; sourceTree = "<group>"; };
		C25C7CD01F2B1B8D0027395F /* Base */ = {isa = PBXFileReference; lastKnownFileType = file.storyboard; name = Base; path = Base.lproj/LaunchScreen.storyboard; sourceTree = "<group>"; };
		C25C7CD21F2B1B8D0027395F /* Info.plist */ = {isa = PBXFileReference; lastKnownFileType = text.plist.xml; path = Info.plist; sourceTree = "<group>"; };
		C25C7CD81F2B1B960027395F /* ViewController2.swift */ = {isa = PBXFileReference; fileEncoding = 4; lastKnownFileType = sourcecode.swift; path = ViewController2.swift; sourceTree = "<group>"; };
/* End PBXFileReference section */

/* Begin PBXFrameworksBuildPhase section */
		C25C7CC01F2B1B8D0027395F /* Frameworks */ = {
			isa = PBXFrameworksBuildPhase;
			buildActionMask = 2147483647;
			files = (
			);
			runOnlyForDeploymentPostprocessing = 0;
		};
/* End PBXFrameworksBuildPhase section */

/* Begin PBXGroup section */
		C25C7CBA1F2B1B8D0027395F = {
			isa = PBXGroup;
			children = (
				C25C7CC51F2B1B8D0027395F /* ScrollViewDemo */,
				C25C7CC41F2B1B8D0027395F /* Products */,
			);
			sourceTree = "<group>";
		};
		C25C7CC41F2B1B8D0027395F /* Products */ = {
			isa = PBXGroup;
			children = (
				C25C7CC31F2B1B8D0027395F /* ScrollViewDemo.app */,
			);
			name = Products;
			sourceTree = "<group>";
		};
		C25C7CC51F2B1B8D0027395F /* ScrollViewDemo */ = {
			isa = PBXGroup;
			children = (
				C25C7CC61F2B1B8D0027395F /* AppDelegate.swift */,
				C25C7CD81F2B1B960027395F /* ViewController2.swift */,
				C25C7CCA1F2B1B8D0027395F /* Main.storyboard */,
				C25C7CCD1F2B1B8D0027395F /* Assets.xcassets */,
				C25C7CCF1F2B1B8D0027395F /* LaunchScreen.storyboard */,
				C25C7CD21F2B1B8D0027395F /* Info.plist */,
			);
			path = ScrollViewDemo;
			sourceTree = "<group>";
		};
/* End PBXGroup section */

/* Begin PBXNativeTarget section */
		C25C7CC21F2B1B8D0027395F /* ScrollViewDemo */ = {
			isa = PBXNativeTarget;
			buildConfigurationList = C25C7CD51F2B1B8D0027395F /* Build configuration list for PBXNativeTarget "ScrollViewDemo" */;
			buildPhases = (
				C25C7CBF1F2B1B8D0027395F /* Sources */,
				C25C7CC01F2B1B8D0027395F /* Frameworks */,
				C25C7CC11F2B1B8D0027395F /* Resources */,
			);
			buildRules = (
			);
			dependencies = (
			);
			name = ScrollViewDemo;
			productName = ScrollViewDemo;
			productReference = C25C7CC31F2B1B8D0027395F /* ScrollViewDemo.app */;
			productType = "com.apple.product-type.application";
		};
/* End PBXNativeTarget section */

/* Begin PBXProject section */
		C25C7CBB1F2B1B8D0027395F /* Project object */ = {
			isa = PBXProject;
			attributes = {
				LastSwiftUpdateCheck = 0830;
				LastUpgradeCheck = 0830;
				ORGANIZATIONNAME = josscii;
				TargetAttributes = {
					C25C7CC21F2B1B8D0027395F = {
						CreatedOnToolsVersion = 8.3.3;
						DevelopmentTeam = 6Q3X7AW5CU;
						ProvisioningStyle = Automatic;
					};
				};
			};
			buildConfigurationList = C25C7CBE1F2B1B8D0027395F /* Build configuration list for PBXProject "ScrollViewDemo" */;
			compatibilityVersion = "Xcode 3.2";
			developmentRegion = English;
			hasScannedForEncodings = 0;
			knownRegions = (
				en,
				Base,
			);
			mainGroup = C25C7CBA1F2B1B8D0027395F;
			productRefGroup = C25C7CC41F2B1B8D0027395F /* Products */;
			projectDirPath = "";
			projectRoot = "";
			targets = (
				C25C7CC21F2B1B8D0027395F /* ScrollViewDemo */,
			);
		};
/* End PBXProject section */

/* Begin PBXResourcesBuildPhase section */
		C25C7CC11F2B1B8D0027395F /* Resources */ = {
			isa = PBXResourcesBuildPhase;
			buildActionMask = 2147483647;
			files = (
				C25C7CD11F2B1B8D0027395F /* LaunchScreen.storyboard in Resources */,
				C25C7CCE1F2B1B8D0027395F /* Assets.xcassets in Resources */,
				C25C7CCC1F2B1B8D0027395F /* Main.storyboard in Resources */,
			);
			runOnlyForDeploymentPostprocessing = 0;
		};
/* End PBXResourcesBuildPhase section */

/* Begin PBXSourcesBuildPhase section */
		C25C7CBF1F2B1B8D0027395F /* Sources */ = {
			isa = PBXSourcesBuildPhase;
			buildActionMask = 2147483647;
			files = (
				C25C7CC71F2B1B8D0027395F /* AppDelegate.swift in Sources */,
				C25C7CD91F2B1B960027395F /* ViewController2.swift in Sources */,
			);
			runOnlyForDeploymentPostprocessing = 0;
		};
/* End PBXSourcesBuildPhase section */

/* Begin PBXVariantGroup section */
		C25C7CCA1F2B1B8D0027395F /* Main.storyboard */ = {
			isa = PBXVariantGroup;
			children = (
				C25C7CCB1F2B1B8D0027395F /* Base */,
			);
			name = Main.storyboard;
			sourceTree = "<group>";
		};
		C25C7CCF1F2B1B8D0027395F /* LaunchScreen.storyboard */ = {
			isa = PBXVariantGroup;
			children = (
				C25C7CD01F2B1B8D0027395F /* Base */,
			);
			name = LaunchScreen.storyboard;
			sourceTree = "<group>";
		};
/* End PBXVariantGroup section */

/* Begin XCBuildConfiguration section */
		C25C7CD31F2B1B8D0027395F /* Debug */ = {
			isa = XCBuildConfiguration;
			buildSettings = {
				ALWAYS_SEARCH_USER_PATHS = NO;
				CLANG_ANALYZER_NONNULL = YES;
				CLANG_ANALYZER_NUMBER_OBJECT_CONVERSION = YES_AGGRESSIVE;
				CLANG_CXX_LANGUAGE_STANDARD = "gnu++0x";
				CLANG_CXX_LIBRARY = "libc++";
				CLANG_ENABLE_MODULES = YES;
				CLANG_ENABLE_OBJC_ARC = YES;
				CLANG_WARN_BOOL_CONVERSION = YES;
				CLANG_WARN_CONSTANT_CONVERSION = YES;
				CLANG_WARN_DIRECT_OBJC_ISA_USAGE = YES_ERROR;
				CLANG_WARN_DOCUMENTATION_COMMENTS = YES;
				CLANG_WARN_EMPTY_BODY = YES;
				CLANG_WARN_ENUM_CONVERSION = YES;
				CLANG_WARN_INFINITE_RECURSION = YES;
				CLANG_WARN_INT_CONVERSION = YES;
				CLANG_WARN_OBJC_ROOT_CLASS = YES_ERROR;
				CLANG_WARN_SUSPICIOUS_MOVE = YES;
				CLANG_WARN_UNREACHABLE_CODE = YES;
				CLANG_WARN__DUPLICATE_METHOD_MATCH = YES;
				"CODE_SIGN_IDENTITY[sdk=iphoneos*]" = "iPhone Developer";
				COPY_PHASE_STRIP = NO;
				DEBUG_INFORMATION_FORMAT = dwarf;
				ENABLE_STRICT_OBJC_MSGSEND = YES;
				ENABLE_TESTABILITY = YES;
				GCC_C_LANGUAGE_STANDARD = gnu99;
				GCC_DYNAMIC_NO_PIC = NO;
				GCC_NO_COMMON_BLOCKS = YES;
				GCC_OPTIMIZATION_LEVEL = 0;
				GCC_PREPROCESSOR_DEFINITIONS = (
					"DEBUG=1",
					"$(inherited)",
				);
				GCC_WARN_64_TO_32_BIT_CONVERSION = YES;
				GCC_WARN_ABOUT_RETURN_TYPE = YES_ERROR;
				GCC_WARN_UNDECLARED_SELECTOR = YES;
				GCC_WARN_UNINITIALIZED_AUTOS = YES_AGGRESSIVE;
				GCC_WARN_UNUSED_FUNCTION = YES;
				GCC_WARN_UNUSED_VARIABLE = YES;
				IPHONEOS_DEPLOYMENT_TARGET = 10.3;
				MTL_ENABLE_DEBUG_INFO = YES;
				ONLY_ACTIVE_ARCH = YES;
				SDKROOT = iphoneos;
				SWIFT_ACTIVE_COMPILATION_CONDITIONS = DEBUG;
				SWIFT_OPTIMIZATION_LEVEL = "-Onone";
				TARGETED_DEVICE_FAMILY = "1,2";
			};
			name = Debug;
		};
		C25C7CD41F2B1B8D0027395F /* Release */ = {
			isa = XCBuildConfiguration;
			buildSettings = {
				ALWAYS_SEARCH_USER_PATHS = NO;
				CLANG_ANALYZER_NONNULL = YES;
				CLANG_ANALYZER_NUMBER_OBJECT_CONVERSION = YES_AGGRESSIVE;
				CLANG_CXX_LANGUAGE_STANDARD = "gnu++0x";
				CLANG_CXX_LIBRARY = "libc++";
				CLANG_ENABLE_MODULES = YES;
				CLANG_ENABLE_OBJC_ARC = YES;
				CLANG_WARN_BOOL_CONVERSION = YES;
				CLANG_WARN_CONSTANT_CONVERSION = YES;
				CLANG_WARN_DIRECT_OBJC_ISA_USAGE = YES_ERROR;
				CLANG_WARN_DOCUMENTATION_COMMENTS = YES;
				CLANG_WARN_EMPTY_BODY = YES;
				CLANG_WARN_ENUM_CONVERSION = YES;
				CLANG_WARN_INFINITE_RECURSION = YES;
				CLANG_WARN_INT_CONVERSION = YES;
				CLANG_WARN_OBJC_ROOT_CLASS = YES_ERROR;
				CLANG_WARN_SUSPICIOUS_MOVE = YES;
				CLANG_WARN_UNREACHABLE_CODE = YES;
				CLANG_WARN__DUPLICATE_METHOD_MATCH = YES;
				"CODE_SIGN_IDENTITY[sdk=iphoneos*]" = "iPhone Developer";
				COPY_PHASE_STRIP = NO;
				DEBUG_INFORMATION_FORMAT = "dwarf-with-dsym";
				ENABLE_NS_ASSERTIONS = NO;
				ENABLE_STRICT_OBJC_MSGSEND = YES;
				GCC_C_LANGUAGE_STANDARD = gnu99;
				GCC_NO_COMMON_BLOCKS = YES;
				GCC_WARN_64_TO_32_BIT_CONVERSION = YES;
				GCC_WARN_ABOUT_RETURN_TYPE = YES_ERROR;
				GCC_WARN_UNDECLARED_SELECTOR = YES;
				GCC_WARN_UNINITIALIZED_AUTOS = YES_AGGRESSIVE;
				GCC_WARN_UNUSED_FUNCTION = YES;
				GCC_WARN_UNUSED_VARIABLE = YES;
				IPHONEOS_DEPLOYMENT_TARGET = 10.3;
				MTL_ENABLE_DEBUG_INFO = NO;
				SDKROOT = iphoneos;
				SWIFT_OPTIMIZATION_LEVEL = "-Owholemodule";
				TARGETED_DEVICE_FAMILY = "1,2";
				VALIDATE_PRODUCT = YES;
			};
			name = Release;
		};
		C25C7CD61F2B1B8D0027395F /* Debug */ = {
			isa = XCBuildConfiguration;
			buildSettings = {
				ASSETCATALOG_COMPILER_APPICON_NAME = AppIcon;
				DEVELOPMENT_TEAM = 6Q3X7AW5CU;
				INFOPLIST_FILE = ScrollViewDemo/Info.plist;
				LD_RUNPATH_SEARCH_PATHS = "$(inherited) @executable_path/Frameworks";
				PRODUCT_BUNDLE_IDENTIFIER = com.josscii.ScrollViewDemo;
				PRODUCT_NAME = "$(TARGET_NAME)";
				SWIFT_VERSION = 3.0;
			};
			name = Debug;
		};
		C25C7CD71F2B1B8D0027395F /* Release */ = {
			isa = XCBuildConfiguration;
			buildSettings = {
				ASSETCATALOG_COMPILER_APPICON_NAME = AppIcon;
				DEVELOPMENT_TEAM = 6Q3X7AW5CU;
				INFOPLIST_FILE = ScrollViewDemo/Info.plist;
				LD_RUNPATH_SEARCH_PATHS = "$(inherited) @executable_path/Frameworks";
				PRODUCT_BUNDLE_IDENTIFIER = com.josscii.ScrollViewDemo;
				PRODUCT_NAME = "$(TARGET_NAME)";
				SWIFT_VERSION = 3.0;
			};
			name = Release;
		};
/* End XCBuildConfiguration section */

/* Begin XCConfigurationList section */
		C25C7CBE1F2B1B8D0027395F /* Build configuration list for PBXProject "ScrollViewDemo" */ = {
			isa = XCConfigurationList;
			buildConfigurations = (
				C25C7CD31F2B1B8D0027395F /* Debug */,
				C25C7CD41F2B1B8D0027395F /* Release */,
			);
			defaultConfigurationIsVisible = 0;
			defaultConfigurationName = Release;
		};
		C25C7CD51F2B1B8D0027395F /* Build configuration list for PBXNativeTarget "ScrollViewDemo" */ = {
			isa = XCConfigurationList;
			buildConfigurations = (
				C25C7CD61F2B1B8D0027395F /* Debug */,
				C25C7CD71F2B1B8D0027395F /* Release */,
			);
			defaultConfigurationIsVisible = 0;
		};
/* End XCConfigurationList section */
	};
	rootObject = C25C7CBB1F2B1B8D0027395F /* Project object */;
}
