// !$*UTF8*$!
{
	archiveVersion = 1;
	classes = {
	};
	objectVersion = 46;
	objects = {

/* Begin PBXBuildFile section */
		BBBD03641F7B8B9D0068D27C /* AppDelegate.swift in Sources */ = {isa = PBXBuildFile; fileRef = BBBD03631F7B8B9D0068D27C /* AppDelegate.swift */; };
		BBBD03661F7B8B9D0068D27C /* ViewController.swift in Sources */ = {isa = PBXBuildFile; fileRef = BBBD03651F7B8B9D0068D27C /* ViewController.swift */; };
		BBBD03691F7B8B9D0068D27C /* Main.storyboard in Resources */ = {isa = PBXBuildFile; fileRef = BBBD03671F7B8B9D0068D27C /* Main.storyboard */; };
		BBBD036B1F7B8B9D0068D27C /* Assets.xcassets in Resources */ = {isa = PBXBuildFile; fileRef = BBBD036A1F7B8B9D0068D27C /* Assets.xcassets */; };
		BBBD036E1F7B8B9D0068D27C /* LaunchScreen.storyboard in Resources */ = {isa = PBXBuildFile; fileRef = BBBD036C1F7B8B9D0068D27C /* LaunchScreen.storyboard */; };
/* End PBXBuildFile section */

/* Begin PBXFileReference section */
		BBBD03601F7B8B9D0068D27C /* UIButtonDemo.app */ = {isa = PBXFileReference; explicitFileType = wrapper.application; includeInIndex = 0; path = UIButtonDemo.app; sourceTree = BUILT_PRODUCTS_DIR; };
		BBBD03631F7B8B9D0068D27C /* AppDelegate.swift */ = {isa = PBXFileReference; lastKnownFileType = sourcecode.swift; path = AppDelegate.swift; sourceTree = "<group>"; };
		BBBD03651F7B8B9D0068D27C /* ViewController.swift */ = {isa = PBXFileReference; lastKnownFileType = sourcecode.swift; path = ViewController.swift; sourceTree = "<group>"; };
		BBBD03681F7B8B9D0068D27C /* Base */ = {isa = PBXFileReference; lastKnownFileType = file.storyboard; name = Base; path = Base.lproj/Main.storyboard; sourceTree = "<group>"; };
		BBBD036A1F7B8B9D0068D27C /* Assets.xcassets */ = {isa = PBXFileReference; lastKnownFileType = folder.assetcatalog; path = Assets.xcassets; sourceTree = "<group>"; };
		BBBD036D1F7B8B9D0068D27C /* Base */ = {isa = PBXFileReference; lastKnownFileType = file.storyboard; name = Base; path = Base.lproj/LaunchScreen.storyboard; sourceTree = "<group>"; };
		BBBD036F1F7B8B9D0068D27C /* Info.plist */ = {isa = PBXFileReference; lastKnownFileType = text.plist.xml; path = Info.plist; sourceTree = "<group>"; };
/* End PBXFileReference section */

/* Begin PBXFrameworksBuildPhase section */
		BBBD035D1F7B8B9D0068D27C /* Frameworks */ = {
			isa = PBXFrameworksBuildPhase;
			buildActionMask = 2147483647;
			files = (
			);
			runOnlyForDeploymentPostprocessing = 0;
		};
/* End PBXFrameworksBuildPhase section */

/* Begin PBXGroup section */
		BBBD03571F7B8B9D0068D27C = {
			isa = PBXGroup;
			children = (
				BBBD03621F7B8B9D0068D27C /* UIButtonDemo */,
				BBBD03611F7B8B9D0068D27C /* Products */,
			);
			sourceTree = "<group>";
		};
		BBBD03611F7B8B9D0068D27C /* Products */ = {
			isa = PBXGroup;
			children = (
				BBBD03601F7B8B9D0068D27C /* UIButtonDemo.app */,
			);
			name = Products;
			sourceTree = "<group>";
		};
		BBBD03621F7B8B9D0068D27C /* UIButtonDemo */ = {
			isa = PBXGroup;
			children = (
				BBBD03631F7B8B9D0068D27C /* AppDelegate.swift */,
				BBBD03651F7B8B9D0068D27C /* ViewController.swift */,
				BBBD03671F7B8B9D0068D27C /* Main.storyboard */,
				BBBD036A1F7B8B9D0068D27C /* Assets.xcassets */,
				BBBD036C1F7B8B9D0068D27C /* LaunchScreen.storyboard */,
				BBBD036F1F7B8B9D0068D27C /* Info.plist */,
			);
			path = UIButtonDemo;
			sourceTree = "<group>";
		};
/* End PBXGroup section */

/* Begin PBXNativeTarget section */
		BBBD035F1F7B8B9D0068D27C /* UIButtonDemo */ = {
			isa = PBXNativeTarget;
			buildConfigurationList = BBBD03721F7B8B9D0068D27C /* Build configuration list for PBXNativeTarget "UIButtonDemo" */;
			buildPhases = (
				BBBD035C1F7B8B9D0068D27C /* Sources */,
				BBBD035D1F7B8B9D0068D27C /* Frameworks */,
				BBBD035E1F7B8B9D0068D27C /* Resources */,
			);
			buildRules = (
			);
			dependencies = (
			);
			name = UIButtonDemo;
			productName = UIButtonDemo;
			productReference = BBBD03601F7B8B9D0068D27C /* UIButtonDemo.app */;
			productType = "com.apple.product-type.application";
		};
/* End PBXNativeTarget section */

/* Begin PBXProject section */
		BBBD03581F7B8B9D0068D27C /* Project object */ = {
			isa = PBXProject;
			attributes = {
				LastSwiftUpdateCheck = 0830;
				LastUpgradeCheck = 0830;
				ORGANIZATIONNAME = josscii;
				TargetAttributes = {
					BBBD035F1F7B8B9D0068D27C = {
						CreatedOnToolsVersion = 8.3.3;
						DevelopmentTeam = 6Q3X7AW5CU;
						ProvisioningStyle = Automatic;
					};
				};
			};
			buildConfigurationList = BBBD035B1F7B8B9D0068D27C /* Build configuration list for PBXProject "UIButtonDemo" */;
			compatibilityVersion = "Xcode 3.2";
			developmentRegion = English;
			hasScannedForEncodings = 0;
			knownRegions = (
				en,
				Base,
			);
			mainGroup = BBBD03571F7B8B9D0068D27C;
			productRefGroup = BBBD03611F7B8B9D0068D27C /* Products */;
			projectDirPath = "";
			projectRoot = "";
			targets = (
				BBBD035F1F7B8B9D0068D27C /* UIButtonDemo */,
			);
		};
/* End PBXProject section */

/* Begin PBXResourcesBuildPhase section */
		BBBD035E1F7B8B9D0068D27C /* Resources */ = {
			isa = PBXResourcesBuildPhase;
			buildActionMask = 2147483647;
			files = (
				BBBD036E1F7B8B9D0068D27C /* LaunchScreen.storyboard in Resources */,
				BBBD036B1F7B8B9D0068D27C /* Assets.xcassets in Resources */,
				BBBD03691F7B8B9D0068D27C /* Main.storyboard in Resources */,
			);
			runOnlyForDeploymentPostprocessing = 0;
		};
/* End PBXResourcesBuildPhase section */

/* Begin PBXSourcesBuildPhase section */
		BBBD035C1F7B8B9D0068D27C /* Sources */ = {
			isa = PBXSourcesBuildPhase;
			buildActionMask = 2147483647;
			files = (
				BBBD03661F7B8B9D0068D27C /* ViewController.swift in Sources */,
				BBBD03641F7B8B9D0068D27C /* AppDelegate.swift in Sources */,
			);
			runOnlyForDeploymentPostprocessing = 0;
		};
/* End PBXSourcesBuildPhase section */

/* Begin PBXVariantGroup section */
		BBBD03671F7B8B9D0068D27C /* Main.storyboard */ = {
			isa = PBXVariantGroup;
			children = (
				BBBD03681F7B8B9D0068D27C /* Base */,
			);
			name = Main.storyboard;
			sourceTree = "<group>";
		};
		BBBD036C1F7B8B9D0068D27C /* LaunchScreen.storyboard */ = {
			isa = PBXVariantGroup;
			children = (
				BBBD036D1F7B8B9D0068D27C /* Base */,
			);
			name = LaunchScreen.storyboard;
			sourceTree = "<group>";
		};
/* End PBXVariantGroup section */

/* Begin XCBuildConfiguration section */
		BBBD03701F7B8B9D0068D27C /* Debug */ = {
			isa = XCBuildConfiguration;
			buildSettings = {
				ALWAYS_SEARCH_USER_PATHS = NO;
				CLANG_ANALYZER_NONNULL = YES;
				CLANG_ANALYZER_NUMBER_OBJECT_CONVERSION = YES_AGGRESSIVE;
				CLANG_CXX_LANGUAGE_STANDARD = "gnu++0x";
				CLANG_CXX_LIBRARY = "libc++";
				CLANG_ENABLE_MODULES = YES;
				CLANG_ENABLE_OBJC_ARC = YES;
				CLANG_WARN_BOOL_CONVERSION = YES;
				CLANG_WARN_CONSTANT_CONVERSION = YES;
				CLANG_WARN_DIRECT_OBJC_ISA_USAGE = YES_ERROR;
				CLANG_WARN_DOCUMENTATION_COMMENTS = YES;
				CLANG_WARN_EMPTY_BODY = YES;
				CLANG_WARN_ENUM_CONVERSION = YES;
				CLANG_WARN_INFINITE_RECURSION = YES;
				CLANG_WARN_INT_CONVERSION = YES;
				CLANG_WARN_OBJC_ROOT_CLASS = YES_ERROR;
				CLANG_WARN_SUSPICIOUS_MOVE = YES;
				CLANG_WARN_UNREACHABLE_CODE = YES;
				CLANG_WARN__DUPLICATE_METHOD_MATCH = YES;
				"CODE_SIGN_IDENTITY[sdk=iphoneos*]" = "iPhone Developer";
				COPY_PHASE_STRIP = NO;
				DEBUG_INFORMATION_FORMAT = dwarf;
				ENABLE_STRICT_OBJC_MSGSEND = YES;
				ENABLE_TESTABILITY = YES;
				GCC_C_LANGUAGE_STANDARD = gnu99;
				GCC_DYNAMIC_NO_PIC = NO;
				GCC_NO_COMMON_BLOCKS = YES;
				GCC_OPTIMIZATION_LEVEL = 0;
				GCC_PREPROCESSOR_DEFINITIONS = (
					"DEBUG=1",
					"$(inherited)",
				);
				GCC_WARN_64_TO_32_BIT_CONVERSION = YES;
				GCC_WARN_ABOUT_RETURN_TYPE = YES_ERROR;
				GCC_WARN_UNDECLARED_SELECTOR = YES;
				GCC_WARN_UNINITIALIZED_AUTOS = YES_AGGRESSIVE;
				GCC_WARN_UNUSED_FUNCTION = YES;
				GCC_WARN_UNUSED_VARIABLE = YES;
				IPHONEOS_DEPLOYMENT_TARGET = 10.3;
				MTL_ENABLE_DEBUG_INFO = YES;
				ONLY_ACTIVE_ARCH = YES;
				SDKROOT = iphoneos;
				SWIFT_ACTIVE_COMPILATION_CONDITIONS = DEBUG;
				SWIFT_OPTIMIZATION_LEVEL = "-Onone";
				TARGETED_DEVICE_FAMILY = "1,2";
			};
			name = Debug;
		};
		BBBD03711F7B8B9D0068D27C /* Release */ = {
			isa = XCBuildConfiguration;
			buildSettings = {
				ALWAYS_SEARCH_USER_PATHS = NO;
				CLANG_ANALYZER_NONNULL = YES;
				CLANG_ANALYZER_NUMBER_OBJECT_CONVERSION = YES_AGGRESSIVE;
				CLANG_CXX_LANGUAGE_STANDARD = "gnu++0x";
				CLANG_CXX_LIBRARY = "libc++";
				CLANG_ENABLE_MODULES = YES;
				CLANG_ENABLE_OBJC_ARC = YES;
				CLANG_WARN_BOOL_CONVERSION = YES;
				CLANG_WARN_CONSTANT_CONVERSION = YES;
				CLANG_WARN_DIRECT_OBJC_ISA_USAGE = YES_ERROR;
				CLANG_WARN_DOCUMENTATION_COMMENTS = YES;
				CLANG_WARN_EMPTY_BODY = YES;
				CLANG_WARN_ENUM_CONVERSION = YES;
				CLANG_WARN_INFINITE_RECURSION = YES;
				CLANG_WARN_INT_CONVERSION = YES;
				CLANG_WARN_OBJC_ROOT_CLASS = YES_ERROR;
				CLANG_WARN_SUSPICIOUS_MOVE = YES;
				CLANG_WARN_UNREACHABLE_CODE = YES;
				CLANG_WARN__DUPLICATE_METHOD_MATCH = YES;
				"CODE_SIGN_IDENTITY[sdk=iphoneos*]" = "iPhone Developer";
				COPY_PHASE_STRIP = NO;
				DEBUG_INFORMATION_FORMAT = "dwarf-with-dsym";
				ENABLE_NS_ASSERTIONS = NO;
				ENABLE_STRICT_OBJC_MSGSEND = YES;
				GCC_C_LANGUAGE_STANDARD = gnu99;
				GCC_NO_COMMON_BLOCKS = YES;
				GCC_WARN_64_TO_32_BIT_CONVERSION = YES;
				GCC_WARN_ABOUT_RETURN_TYPE = YES_ERROR;
				GCC_WARN_UNDECLARED_SELECTOR = YES;
				GCC_WARN_UNINITIALIZED_AUTOS = YES_AGGRESSIVE;
				GCC_WARN_UNUSED_FUNCTION = YES;
				GCC_WARN_UNUSED_VARIABLE = YES;
				IPHONEOS_DEPLOYMENT_TARGET = 10.3;
				MTL_ENABLE_DEBUG_INFO = NO;
				SDKROOT = iphoneos;
				SWIFT_OPTIMIZATION_LEVEL = "-Owholemodule";
				TARGETED_DEVICE_FAMILY = "1,2";
				VALIDATE_PRODUCT = YES;
			};
			name = Release;
		};
		BBBD03731F7B8B9D0068D27C /* Debug */ = {
			isa = XCBuildConfiguration;
			buildSettings = {
				ASSETCATALOG_COMPILER_APPICON_NAME = AppIcon;
				DEVELOPMENT_TEAM = 6Q3X7AW5CU;
				INFOPLIST_FILE = UIButtonDemo/Info.plist;
				LD_RUNPATH_SEARCH_PATHS = "$(inherited) @executable_path/Frameworks";
				PRODUCT_BUNDLE_IDENTIFIER = com.josscii.UIButtonDemo;
				PRODUCT_NAME = "$(TARGET_NAME)";
				SWIFT_VERSION = 3.0;
			};
			name = Debug;
		};
		BBBD03741F7B8B9D0068D27C /* Release */ = {
			isa = XCBuildConfiguration;
			buildSettings = {
				ASSETCATALOG_COMPILER_APPICON_NAME = AppIcon;
				DEVELOPMENT_TEAM = 6Q3X7AW5CU;
				INFOPLIST_FILE = UIButtonDemo/Info.plist;
				LD_RUNPATH_SEARCH_PATHS = "$(inherited) @executable_path/Frameworks";
				PRODUCT_BUNDLE_IDENTIFIER = com.josscii.UIButtonDemo;
				PRODUCT_NAME = "$(TARGET_NAME)";
				SWIFT_VERSION = 3.0;
			};
			name = Release;
		};
/* End XCBuildConfiguration section */

/* Begin XCConfigurationList section */
		BBBD035B1F7B8B9D0068D27C /* Build configuration list for PBXProject "UIButtonDemo" */ = {
			isa = XCConfigurationList;
			buildConfigurations = (
				BBBD03701F7B8B9D0068D27C /* Debug */,
				BBBD03711F7B8B9D0068D27C /* Release */,
			);
			defaultConfigurationIsVisible = 0;
			defaultConfigurationName = Release;
		};
		BBBD03721F7B8B9D0068D27C /* Build configuration list for PBXNativeTarget "UIButtonDemo" */ = {
			isa = XCConfigurationList;
			buildConfigurations = (
				BBBD03731F7B8B9D0068D27C /* Debug */,
				BBBD03741F7B8B9D0068D27C /* Release */,
			);
			defaultConfigurationIsVisible = 0;
		};
/* End XCConfigurationList section */
	};
	rootObject = BBBD03581F7B8B9D0068D27C /* Project object */;
}
