// !$*UTF8*$!
{
	archiveVersion = 1;
	classes = {
	};
	objectVersion = 50;
	objects = {

/* Begin PBXBuildFile section */
		BB32B1D820FF325700F67A36 /* AppDelegate.swift in Sources */ = {isa = PBXBuildFile; fileRef = BB32B1D720FF325700F67A36 /* AppDelegate.swift */; };
		BB32B1DA20FF325700F67A36 /* ViewController.swift in Sources */ = {isa = PBXBuildFile; fileRef = BB32B1D920FF325700F67A36 /* ViewController.swift */; };
		BB32B1DD20FF325700F67A36 /* Main.storyboard in Resources */ = {isa = PBXBuildFile; fileRef = BB32B1DB20FF325700F67A36 /* Main.storyboard */; };
		BB32B1DF20FF325800F67A36 /* Assets.xcassets in Resources */ = {isa = PBXBuildFile; fileRef = BB32B1DE20FF325800F67A36 /* Assets.xcassets */; };
		BB32B1E220FF325800F67A36 /* LaunchScreen.storyboard in Resources */ = {isa = PBXBuildFile; fileRef = BB32B1E020FF325800F67A36 /* LaunchScreen.storyboard */; };
		BB32B1EA20FF32A300F67A36 /* TabView.swift in Sources */ = {isa = PBXBuildFile; fileRef = BB32B1E920FF32A300F67A36 /* TabView.swift */; };
		BB32B1F020FF32AE00F67A36 /* WYTabView.m in Sources */ = {isa = PBXBuildFile; fileRef = BB32B1ED20FF32AE00F67A36 /* WYTabView.m */; };
		BB32B1F120FF32AE00F67A36 /* WYSimpleTabItemView.m in Sources */ = {isa = PBXBuildFile; fileRef = BB32B1EE20FF32AE00F67A36 /* WYSimpleTabItemView.m */; };
/* End PBXBuildFile section */

/* Begin PBXFileReference section */
		BB32B1D420FF325700F67A36 /* TabViewDemo.app */ = {isa = PBXFileReference; explicitFileType = wrapper.application; includeInIndex = 0; path = TabViewDemo.app; sourceTree = BUILT_PRODUCTS_DIR; };
		BB32B1D720FF325700F67A36 /* AppDelegate.swift */ = {isa = PBXFileReference; lastKnownFileType = sourcecode.swift; path = AppDelegate.swift; sourceTree = "<group>"; };
		BB32B1D920FF325700F67A36 /* ViewController.swift */ = {isa = PBXFileReference; lastKnownFileType = sourcecode.swift; path = ViewController.swift; sourceTree = "<group>"; };
		BB32B1DC20FF325700F67A36 /* Base */ = {isa = PBXFileReference; lastKnownFileType = file.storyboard; name = Base; path = Base.lproj/Main.storyboard; sourceTree = "<group>"; };
		BB32B1DE20FF325800F67A36 /* Assets.xcassets */ = {isa = PBXFileReference; lastKnownFileType = folder.assetcatalog; path = Assets.xcassets; sourceTree = "<group>"; };
		BB32B1E120FF325800F67A36 /* Base */ = {isa = PBXFileReference; lastKnownFileType = file.storyboard; name = Base; path = Base.lproj/LaunchScreen.storyboard; sourceTree = "<group>"; };
		BB32B1E320FF325800F67A36 /* Info.plist */ = {isa = PBXFileReference; lastKnownFileType = text.plist.xml; path = Info.plist; sourceTree = "<group>"; };
		BB32B1E920FF32A300F67A36 /* TabView.swift */ = {isa = PBXFileReference; fileEncoding = 4; lastKnownFileType = sourcecode.swift; path = TabView.swift; sourceTree = "<group>"; };
		BB32B1EB20FF32AD00F67A36 /* TabViewDemo-Bridging-Header.h */ = {isa = PBXFileReference; lastKnownFileType = sourcecode.c.h; path = "TabViewDemo-Bridging-Header.h"; sourceTree = "<group>"; };
		BB32B1EC20FF32AE00F67A36 /* WYTabView.h */ = {isa = PBXFileReference; fileEncoding = 4; lastKnownFileType = sourcecode.c.h; path = WYTabView.h; sourceTree = "<group>"; };
		BB32B1ED20FF32AE00F67A36 /* WYTabView.m */ = {isa = PBXFileReference; fileEncoding = 4; lastKnownFileType = sourcecode.c.objc; path = WYTabView.m; sourceTree = "<group>"; };
		BB32B1EE20FF32AE00F67A36 /* WYSimpleTabItemView.m */ = {isa = PBXFileReference; fileEncoding = 4; lastKnownFileType = sourcecode.c.objc; path = WYSimpleTabItemView.m; sourceTree = "<group>"; };
		BB32B1EF20FF32AE00F67A36 /* WYSimpleTabItemView.h */ = {isa = PBXFileReference; fileEncoding = 4; lastKnownFileType = sourcecode.c.h; path = WYSimpleTabItemView.h; sourceTree = "<group>"; };
/* End PBXFileReference section */

/* Begin PBXFrameworksBuildPhase section */
		BB32B1D120FF325700F67A36 /* Frameworks */ = {
			isa = PBXFrameworksBuildPhase;
			buildActionMask = 2147483647;
			files = (
			);
			runOnlyForDeploymentPostprocessing = 0;
		};
/* End PBXFrameworksBuildPhase section */

/* Begin PBXGroup section */
		BB32B1CB20FF325600F67A36 = {
			isa = PBXGroup;
			children = (
				BB32B1D620FF325700F67A36 /* TabViewDemo */,
				BB32B1D520FF325700F67A36 /* Products */,
			);
			sourceTree = "<group>";
		};
		BB32B1D520FF325700F67A36 /* Products */ = {
			isa = PBXGroup;
			children = (
				BB32B1D420FF325700F67A36 /* TabViewDemo.app */,
			);
			name = Products;
			sourceTree = "<group>";
		};
		BB32B1D620FF325700F67A36 /* TabViewDemo */ = {
			isa = PBXGroup;
			children = (
				BB32B1EF20FF32AE00F67A36 /* WYSimpleTabItemView.h */,
				BB32B1EE20FF32AE00F67A36 /* WYSimpleTabItemView.m */,
				BB32B1EC20FF32AE00F67A36 /* WYTabView.h */,
				BB32B1ED20FF32AE00F67A36 /* WYTabView.m */,
				BB32B1E920FF32A300F67A36 /* TabView.swift */,
				BB32B1D720FF325700F67A36 /* AppDelegate.swift */,
				BB32B1D920FF325700F67A36 /* ViewController.swift */,
				BB32B1DB20FF325700F67A36 /* Main.storyboard */,
				BB32B1DE20FF325800F67A36 /* Assets.xcassets */,
				BB32B1E020FF325800F67A36 /* LaunchScreen.storyboard */,
				BB32B1E320FF325800F67A36 /* Info.plist */,
				BB32B1EB20FF32AD00F67A36 /* TabViewDemo-Bridging-Header.h */,
			);
			path = TabViewDemo;
			sourceTree = "<group>";
		};
/* End PBXGroup section */

/* Begin PBXNativeTarget section */
		BB32B1D320FF325700F67A36 /* TabViewDemo */ = {
			isa = PBXNativeTarget;
			buildConfigurationList = BB32B1E620FF325800F67A36 /* Build configuration list for PBXNativeTarget "TabViewDemo" */;
			buildPhases = (
				BB32B1D020FF325700F67A36 /* Sources */,
				BB32B1D120FF325700F67A36 /* Frameworks */,
				BB32B1D220FF325700F67A36 /* Resources */,
			);
			buildRules = (
			);
			dependencies = (
			);
			name = TabViewDemo;
			productName = TabViewDemo;
			productReference = BB32B1D420FF325700F67A36 /* TabViewDemo.app */;
			productType = "com.apple.product-type.application";
		};
/* End PBXNativeTarget section */

/* Begin PBXProject section */
		BB32B1CC20FF325600F67A36 /* Project object */ = {
			isa = PBXProject;
			attributes = {
				LastSwiftUpdateCheck = 0940;
				LastUpgradeCheck = 0940;
				ORGANIZATIONNAME = josscii;
				TargetAttributes = {
					BB32B1D320FF325700F67A36 = {
						CreatedOnToolsVersion = 9.4.1;
						LastSwiftMigration = 0940;
					};
				};
			};
			buildConfigurationList = BB32B1CF20FF325600F67A36 /* Build configuration list for PBXProject "TabViewDemo" */;
			compatibilityVersion = "Xcode 9.3";
			developmentRegion = en;
			hasScannedForEncodings = 0;
			knownRegions = (
				en,
				Base,
			);
			mainGroup = BB32B1CB20FF325600F67A36;
			productRefGroup = BB32B1D520FF325700F67A36 /* Products */;
			projectDirPath = "";
			projectRoot = "";
			targets = (
				BB32B1D320FF325700F67A36 /* TabViewDemo */,
			);
		};
/* End PBXProject section */

/* Begin PBXResourcesBuildPhase section */
		BB32B1D220FF325700F67A36 /* Resources */ = {
			isa = PBXResourcesBuildPhase;
			buildActionMask = 2147483647;
			files = (
				BB32B1E220FF325800F67A36 /* LaunchScreen.storyboard in Resources */,
				BB32B1DF20FF325800F67A36 /* Assets.xcassets in Resources */,
				BB32B1DD20FF325700F67A36 /* Main.storyboard in Resources */,
			);
			runOnlyForDeploymentPostprocessing = 0;
		};
/* End PBXResourcesBuildPhase section */

/* Begin PBXSourcesBuildPhase section */
		BB32B1D020FF325700F67A36 /* Sources */ = {
			isa = PBXSourcesBuildPhase;
			buildActionMask = 2147483647;
			files = (
				BB32B1F020FF32AE00F67A36 /* WYTabView.m in Sources */,
				BB32B1DA20FF325700F67A36 /* ViewController.swift in Sources */,
				BB32B1EA20FF32A300F67A36 /* TabView.swift in Sources */,
				BB32B1F120FF32AE00F67A36 /* WYSimpleTabItemView.m in Sources */,
				BB32B1D820FF325700F67A36 /* AppDelegate.swift in Sources */,
			);
			runOnlyForDeploymentPostprocessing = 0;
		};
/* End PBXSourcesBuildPhase section */

/* Begin PBXVariantGroup section */
		BB32B1DB20FF325700F67A36 /* Main.storyboard */ = {
			isa = PBXVariantGroup;
			children = (
				BB32B1DC20FF325700F67A36 /* Base */,
			);
			name = Main.storyboard;
			sourceTree = "<group>";
		};
		BB32B1E020FF325800F67A36 /* LaunchScreen.storyboard */ = {
			isa = PBXVariantGroup;
			children = (
				BB32B1E120FF325800F67A36 /* Base */,
			);
			name = LaunchScreen.storyboard;
			sourceTree = "<group>";
		};
/* End PBXVariantGroup section */

/* Begin XCBuildConfiguration section */
		BB32B1E420FF325800F67A36 /* Debug */ = {
			isa = XCBuildConfiguration;
			buildSettings = {
				ALWAYS_SEARCH_USER_PATHS = NO;
				CLANG_ANALYZER_NONNULL = YES;
				CLANG_ANALYZER_NUMBER_OBJECT_CONVERSION = YES_AGGRESSIVE;
				CLANG_CXX_LANGUAGE_STANDARD = "gnu++14";
				CLANG_CXX_LIBRARY = "libc++";
				CLANG_ENABLE_MODULES = YES;
				CLANG_ENABLE_OBJC_ARC = YES;
				CLANG_ENABLE_OBJC_WEAK = YES;
				CLANG_WARN_BLOCK_CAPTURE_AUTORELEASING = YES;
				CLANG_WARN_BOOL_CONVERSION = YES;
				CLANG_WARN_COMMA = YES;
				CLANG_WARN_CONSTANT_CONVERSION = YES;
				CLANG_WARN_DEPRECATED_OBJC_IMPLEMENTATIONS = YES;
				CLANG_WARN_DIRECT_OBJC_ISA_USAGE = YES_ERROR;
				CLANG_WARN_DOCUMENTATION_COMMENTS = YES;
				CLANG_WARN_EMPTY_BODY = YES;
				CLANG_WARN_ENUM_CONVERSION = YES;
				CLANG_WARN_INFINITE_RECURSION = YES;
				CLANG_WARN_INT_CONVERSION = YES;
				CLANG_WARN_NON_LITERAL_NULL_CONVERSION = YES;
				CLANG_WARN_OBJC_IMPLICIT_RETAIN_SELF = YES;
				CLANG_WARN_OBJC_LITERAL_CONVERSION = YES;
				CLANG_WARN_OBJC_ROOT_CLASS = YES_ERROR;
				CLANG_WARN_RANGE_LOOP_ANALYSIS = YES;
				CLANG_WARN_STRICT_PROTOTYPES = YES;
				CLANG_WARN_SUSPICIOUS_MOVE = YES;
				CLANG_WARN_UNGUARDED_AVAILABILITY = YES_AGGRESSIVE;
				CLANG_WARN_UNREACHABLE_CODE = YES;
				CLANG_WARN__DUPLICATE_METHOD_MATCH = YES;
				CODE_SIGN_IDENTITY = "iPhone Developer";
				COPY_PHASE_STRIP = NO;
				DEBUG_INFORMATION_FORMAT = dwarf;
				ENABLE_STRICT_OBJC_MSGSEND = YES;
				ENABLE_TESTABILITY = YES;
				GCC_C_LANGUAGE_STANDARD = gnu11;
				GCC_DYNAMIC_NO_PIC = NO;
				GCC_NO_COMMON_BLOCKS = YES;
				GCC_OPTIMIZATION_LEVEL = 0;
				GCC_PREPROCESSOR_DEFINITIONS = (
					"DEBUG=1",
					"$(inherited)",
				);
				GCC_WARN_64_TO_32_BIT_CONVERSION = YES;
				GCC_WARN_ABOUT_RETURN_TYPE = YES_ERROR;
				GCC_WARN_UNDECLARED_SELECTOR = YES;
				GCC_WARN_UNINITIALIZED_AUTOS = YES_AGGRESSIVE;
				GCC_WARN_UNUSED_FUNCTION = YES;
				GCC_WARN_UNUSED_VARIABLE = YES;
				IPHONEOS_DEPLOYMENT_TARGET = 11.4;
				MTL_ENABLE_DEBUG_INFO = YES;
				ONLY_ACTIVE_ARCH = YES;
				SDKROOT = iphoneos;
				SWIFT_ACTIVE_COMPILATION_CONDITIONS = DEBUG;
				SWIFT_OPTIMIZATION_LEVEL = "-Onone";
			};
			name = Debug;
		};
		BB32B1E520FF325800F67A36 /* Release */ = {
			isa = XCBuildConfiguration;
			buildSettings = {
				ALWAYS_SEARCH_USER_PATHS = NO;
				CLANG_ANALYZER_NONNULL = YES;
				CLANG_ANALYZER_NUMBER_OBJECT_CONVERSION = YES_AGGRESSIVE;
				CLANG_CXX_LANGUAGE_STANDARD = "gnu++14";
				CLANG_CXX_LIBRARY = "libc++";
				CLANG_ENABLE_MODULES = YES;
				CLANG_ENABLE_OBJC_ARC = YES;
				CLANG_ENABLE_OBJC_WEAK = YES;
				CLANG_WARN_BLOCK_CAPTURE_AUTORELEASING = YES;
				CLANG_WARN_BOOL_CONVERSION = YES;
				CLANG_WARN_COMMA = YES;
				CLANG_WARN_CONSTANT_CONVERSION = YES;
				CLANG_WARN_DEPRECATED_OBJC_IMPLEMENTATIONS = YES;
				CLANG_WARN_DIRECT_OBJC_ISA_USAGE = YES_ERROR;
				CLANG_WARN_DOCUMENTATION_COMMENTS = YES;
				CLANG_WARN_EMPTY_BODY = YES;
				CLANG_WARN_ENUM_CONVERSION = YES;
				CLANG_WARN_INFINITE_RECURSION = YES;
				CLANG_WARN_INT_CONVERSION = YES;
				CLANG_WARN_NON_LITERAL_NULL_CONVERSION = YES;
				CLANG_WARN_OBJC_IMPLICIT_RETAIN_SELF = YES;
				CLANG_WARN_OBJC_LITERAL_CONVERSION = YES;
				CLANG_WARN_OBJC_ROOT_CLASS = YES_ERROR;
				CLANG_WARN_RANGE_LOOP_ANALYSIS = YES;
				CLANG_WARN_STRICT_PROTOTYPES = YES;
				CLANG_WARN_SUSPICIOUS_MOVE = YES;
				CLANG_WARN_UNGUARDED_AVAILABILITY = YES_AGGRESSIVE;
				CLANG_WARN_UNREACHABLE_CODE = YES;
				CLANG_WARN__DUPLICATE_METHOD_MATCH = YES;
				CODE_SIGN_IDENTITY = "iPhone Developer";
				COPY_PHASE_STRIP = NO;
				DEBUG_INFORMATION_FORMAT = "dwarf-with-dsym";
				ENABLE_NS_ASSERTIONS = NO;
				ENABLE_STRICT_OBJC_MSGSEND = YES;
				GCC_C_LANGUAGE_STANDARD = gnu11;
				GCC_NO_COMMON_BLOCKS = YES;
				GCC_WARN_64_TO_32_BIT_CONVERSION = YES;
				GCC_WARN_ABOUT_RETURN_TYPE = YES_ERROR;
				GCC_WARN_UNDECLARED_SELECTOR = YES;
				GCC_WARN_UNINITIALIZED_AUTOS = YES_AGGRESSIVE;
				GCC_WARN_UNUSED_FUNCTION = YES;
				GCC_WARN_UNUSED_VARIABLE = YES;
				IPHONEOS_DEPLOYMENT_TARGET = 11.4;
				MTL_ENABLE_DEBUG_INFO = NO;
				SDKROOT = iphoneos;
				SWIFT_COMPILATION_MODE = wholemodule;
				SWIFT_OPTIMIZATION_LEVEL = "-O";
				VALIDATE_PRODUCT = YES;
			};
			name = Release;
		};
		BB32B1E720FF325800F67A36 /* Debug */ = {
			isa = XCBuildConfiguration;
			buildSettings = {
				ASSETCATALOG_COMPILER_APPICON_NAME = AppIcon;
				CLANG_ENABLE_MODULES = YES;
				CODE_SIGN_STYLE = Automatic;
				INFOPLIST_FILE = TabViewDemo/Info.plist;
				LD_RUNPATH_SEARCH_PATHS = (
					"$(inherited)",
					"@executable_path/Frameworks",
				);
				PRODUCT_BUNDLE_IDENTIFIER = com.josscii.TabViewDemo;
				PRODUCT_NAME = "$(TARGET_NAME)";
				SWIFT_OBJC_BRIDGING_HEADER = "TabViewDemo/TabViewDemo-Bridging-Header.h";
				SWIFT_OPTIMIZATION_LEVEL = "-Onone";
				SWIFT_VERSION = 4.0;
				TARGETED_DEVICE_FAMILY = "1,2";
			};
			name = Debug;
		};
		BB32B1E820FF325800F67A36 /* Release */ = {
			isa = XCBuildConfiguration;
			buildSettings = {
				ASSETCATALOG_COMPILER_APPICON_NAME = AppIcon;
				CLANG_ENABLE_MODULES = YES;
				CODE_SIGN_STYLE = Automatic;
				INFOPLIST_FILE = TabViewDemo/Info.plist;
				LD_RUNPATH_SEARCH_PATHS = (
					"$(inherited)",
					"@executable_path/Frameworks",
				);
				PRODUCT_BUNDLE_IDENTIFIER = com.josscii.TabViewDemo;
				PRODUCT_NAME = "$(TARGET_NAME)";
				SWIFT_OBJC_BRIDGING_HEADER = "TabViewDemo/TabViewDemo-Bridging-Header.h";
				SWIFT_VERSION = 4.0;
				TARGETED_DEVICE_FAMILY = "1,2";
			};
			name = Release;
		};
/* End XCBuildConfiguration section */

/* Begin XCConfigurationList section */
		BB32B1CF20FF325600F67A36 /* Build configuration list for PBXProject "TabViewDemo" */ = {
			isa = XCConfigurationList;
			buildConfigurations = (
				BB32B1E420FF325800F67A36 /* Debug */,
				BB32B1E520FF325800F67A36 /* Release */,
			);
			defaultConfigurationIsVisible = 0;
			defaultConfigurationName = Release;
		};
		BB32B1E620FF325800F67A36 /* Build configuration list for PBXNativeTarget "TabViewDemo" */ = {
			isa = XCConfigurationList;
			buildConfigurations = (
				BB32B1E720FF325800F67A36 /* Debug */,
				BB32B1E820FF325800F67A36 /* Release */,
			);
			defaultConfigurationIsVisible = 0;
			defaultConfigurationName = Release;
		};
/* End XCConfigurationList section */
	};
	rootObject = BB32B1CC20FF325600F67A36 /* Project object */;
}
